
Microsoft Visual Studio Solution File, Format Version 12.00
# Visual Studio Version 17
VisualStudioVersion = 17.5.33502.453
MinimumVisualStudioVersion = 10.0.40219.1
Project("{FAE04EC0-301F-11D3-BF4B-00C04F79EFBC}") = "IntexDatabaseConnection", "IntexDatabaseConnection.csproj", "{6B49FACA-320C-4384-8C15-71DE08D0DB25}"
EndProject
Global
	GlobalSection(SolutionConfigurationPlatforms) = preSolution
		Debug|Any CPU = Debug|Any CPU
		Release|Any CPU = Release|Any CPU
	EndGlobalSection
	GlobalSection(ProjectConfigurationPlatforms) = postSolution
		{6B49FACA-320C-4384-8C15-71DE08D0DB25}.Debug|Any CPU.ActiveCfg = Debug|Any CPU
		{6B49FACA-320C-4384-8C15-71DE08D0DB25}.Debug|Any CPU.Build.0 = Debug|Any CPU
		{6B49FACA-320C-4384-8C15-71DE08D0DB25}.Release|Any CPU.ActiveCfg = Release|Any CPU
		{6B49FACA-320C-4384-8C15-71DE08D0DB25}.Release|Any CPU.Build.0 = Release|Any CPU
	EndGlobalSection
	GlobalSection(SolutionProperties) = preSolution
		HideSolutionNode = FALSE
	EndGlobalSection
	GlobalSection(ExtensibilityGlobals) = postSolution
		SolutionGuid = {99E56323-1C81-48A9-8761-3C9EF178A0AB}
	EndGlobalSection
EndGlobal
